
Microsoft Visual Studio Solution File, Format Version 12.00
# Visual Studio Version 17
VisualStudioVersion = 17.5.33414.496
MinimumVisualStudioVersion = 10.0.40219.1
Project("{FAE04EC0-301F-11D3-BF4B-00C04F79EFBC}") = "FieldsFunctionAnnotation", "FieldsFunctionAnnotation\FieldsFunctionAnnotation.csproj", "{383DD14A-FA0D-4E49-86F9-F6EAA2827B90}"
EndProject
Global
	GlobalSection(SolutionConfigurationPlatforms) = preSolution
		Debug|Any CPU = Debug|Any CPU
		Release|Any CPU = Release|Any CPU
	EndGlobalSection
	GlobalSection(ProjectConfigurationPlatforms) = postSolution
		{383DD14A-FA0D-4E49-86F9-F6EAA2827B90}.Debug|Any CPU.ActiveCfg = Debug|Any CPU
		{383DD14A-FA0D-4E49-86F9-F6EAA2827B90}.Debug|Any CPU.Build.0 = Debug|Any CPU
		{383DD14A-FA0D-4E49-86F9-F6EAA2827B90}.Release|Any CPU.ActiveCfg = Release|Any CPU
		{383DD14A-FA0D-4E49-86F9-F6EAA2827B90}.Release|Any CPU.Build.0 = Release|Any CPU
	EndGlobalSection
	GlobalSection(SolutionProperties) = preSolution
		HideSolutionNode = FALSE
	EndGlobalSection
	GlobalSection(ExtensibilityGlobals) = postSolution
		SolutionGuid = {DB0A4B38-E17D-4857-B752-4FDE3478881B}
	EndGlobalSection
EndGlobal
